
Microsoft Visual Studio Solution File, Format Version 12.00
# Visual Studio Version 17
VisualStudioVersion = 17.4.33110.190
MinimumVisualStudioVersion = 10.0.40219.1
Project("{FAE04EC0-301F-11D3-BF4B-00C04F79EFBC}") = "EmployeeApi", "EmployeeApi\EmployeeApi.csproj", "{ABD4A638-819A-4C01-986F-0DE249FBF599}"
EndProject
Global
	GlobalSection(SolutionConfigurationPlatforms) = preSolution
		Debug|Any CPU = Debug|Any CPU
		Release|Any CPU = Release|Any CPU
	EndGlobalSection
	GlobalSection(ProjectConfigurationPlatforms) = postSolution
		{ABD4A638-819A-4C01-986F-0DE249FBF599}.Debug|Any CPU.ActiveCfg = Debug|Any CPU
		{ABD4A638-819A-4C01-986F-0DE249FBF599}.Debug|Any CPU.Build.0 = Debug|Any CPU
		{ABD4A638-819A-4C01-986F-0DE249FBF599}.Release|Any CPU.ActiveCfg = Release|Any CPU
		{ABD4A638-819A-4C01-986F-0DE249FBF599}.Release|Any CPU.Build.0 = Release|Any CPU
	EndGlobalSection
	GlobalSection(SolutionProperties) = preSolution
		HideSolutionNode = FALSE
	EndGlobalSection
	GlobalSection(ExtensibilityGlobals) = postSolution
		SolutionGuid = {70C824E2-16E7-43FB-8CDF-280297D4FE8F}
	EndGlobalSection
EndGlobal
